Microsoft Visual Studio Solution File, Format Version 12.00
# Visual Studio Version 17
VisualStudioVersion = 17.5.2.0
MinimumVisualStudioVersion = 10.0.40219.1
Project("{FAE04EC0-301F-11D3-BF4B-00C04F79EFBC}") = "Bidet", "Bidet.csproj", "{BF4378B1-5E5A-FF42-DA67-06179869C80B}"
EndProject
Global
	GlobalSection(SolutionConfigurationPlatforms) = preSolution
		Debug|Any CPU = Debug|Any CPU
		Release|Any CPU = Release|Any CPU
	EndGlobalSection
	GlobalSection(ProjectConfigurationPlatforms) = postSolution
		{BF4378B1-5E5A-FF42-DA67-06179869C80B}.Debug|Any CPU.ActiveCfg = Debug|Any CPU
		{BF4378B1-5E5A-FF42-DA67-06179869C80B}.Debug|Any CPU.Build.0 = Debug|Any CPU
		{BF4378B1-5E5A-FF42-DA67-06179869C80B}.Release|Any CPU.ActiveCfg = Release|Any CPU
		{BF4378B1-5E5A-FF42-DA67-06179869C80B}.Release|Any CPU.Build.0 = Release|Any CPU
	EndGlobalSection
	GlobalSection(SolutionProperties) = preSolution
		HideSolutionNode = FALSE
	EndGlobalSection
	GlobalSection(ExtensibilityGlobals) = postSolution
		SolutionGuid = {CEB153B3-16E7-45BF-AD30-35ACBFC683C5}
	EndGlobalSection
EndGlobal
